<?xml version="1.0" encoding="utf-8"?>
<Project ToolsVersion="4.0" xmlns="http://schemas.microsoft.com/developer/msbuild/2003">
  <ItemGroup>
    <Filter Include="소스 파일">
      <UniqueIdentifier>{4FC737F1-C7A5-4376-A066-2A32D752A2FF}</UniqueIdentifier>
      <Extensions>cpp;c;cc;cxx;c++;def;odl;idl;hpj;bat;asm;asmx</Extensions>
    </Filter>
    <Filter Include="헤더 파일">
      <UniqueIdentifier>{93995380-89BD-4b04-88EB-625FBE52EBFB}</UniqueIdentifier>
      <Extensions>h;hh;hpp;hxx;h++;hm;inl;inc;ipp;xsd</Extensions>
    </Filter>
    <Filter Include="리소스 파일">
      <UniqueIdentifier>{67DA6AB6-F800-4c08-8B7A-83BB121AAD01}</UniqueIdentifier>
      <Extensions>rc;ico;cur;bmp;dlg;rc2;rct;bin;rgs;gif;jpg;jpeg;jpe;resx;tiff;tif;png;wav;mfcribbon-ms</Extensions>
    </Filter>
  </ItemGroup>
  <ItemGroup>
    <ClCompile Include="문자사각형1-1307.cpp">
      <Filter>소스 파일</Filter>
    </ClCompile>
    <ClCompile Include="문자사각형2-1314.cpp">
      <Filter>소스 파일</Filter>
    </ClCompile>
    <ClCompile Include="문자삼각형2-1339.cpp">
      <Filter>소스 파일</Filter>
    </ClCompile>
    <ClCompile Include="문자삼각형1-1338.cpp">
      <Filter>소스 파일</Filter>
    </ClCompile>
    <ClCompile Include="별삼각형1-1523.cpp">
      <Filter>소스 파일</Filter>
    </ClCompile>
    <ClCompile Include="별삼각형2-1719.cpp">
      <Filter>소스 파일</Filter>
    </ClCompile>
    <ClCompile Include="별삼각형3-1329.cpp">
      <Filter>소스 파일</Filter>
    </ClCompile>
    <ClCompile Include="숫자삼각형-1641.cpp">
      <Filter>소스 파일</Filter>
    </ClCompile>
    <ClCompile Include="달팽이삼각형1337.cpp">
      <Filter>소스 파일</Filter>
    </ClCompile>
    <ClCompile Include="파스칼 삼각형-2071.cpp">
      <Filter>소스 파일</Filter>
    </ClCompile>
    <ClCompile Include="달팽이사각형-1707.cpp">
      <Filter>소스 파일</Filter>
    </ClCompile>
    <ClCompile Include="문자마름모-1331.cpp">
      <Filter>소스 파일</Filter>
    </ClCompile>
    <ClCompile Include="재각선 지그재그-1495.cpp">
      <Filter>소스 파일</Filter>
    </ClCompile>
    <ClCompile Include="홀수 마방진-2074.cpp">
      <Filter>소스 파일</Filter>
    </ClCompile>
    <ClCompile Include="수학1-1곱셈-1692.cpp">
      <Filter>소스 파일</Filter>
    </ClCompile>
    <ClCompile Include="수학1-2숫자의 개수-1430.cpp">
      <Filter>소스 파일</Filter>
    </ClCompile>
    <ClCompile Include="수학1-3약수와 배수-1071.cpp">
      <Filter>소스 파일</Filter>
    </ClCompile>
    <ClCompile Include="수학1-4약수 구하기-1402.cpp">
      <Filter>소스 파일</Filter>
    </ClCompile>
    <ClCompile Include="수학1-5약수-1809.cpp">
      <Filter>소스 파일</Filter>
    </ClCompile>
    <ClCompile Include="수학1-6최대공약수와최소공배수-1658.cpp">
      <Filter>소스 파일</Filter>
    </ClCompile>
    <ClCompile Include="수학1-7최대공약수,최소공배수-1002.cpp">
      <Filter>소스 파일</Filter>
    </ClCompile>
    <ClCompile Include="소스5.cpp">
      <Filter>소스 파일</Filter>
    </ClCompile>
    <ClCompile Include="소스6.cpp">
      <Filter>소스 파일</Filter>
    </ClCompile>
    <ClCompile Include="소스11.cpp">
      <Filter>소스 파일</Filter>
    </ClCompile>
    <ClCompile Include="소스13.cpp">
      <Filter>소스 파일</Filter>
    </ClCompile>
    <ClCompile Include="수학2-1각자리수의역과합-1009.cpp">
      <Filter>소스 파일</Filter>
    </ClCompile>
    <ClCompile Include="수학2-2소수와합성수-2811.cpp">
      <Filter>소스 파일</Filter>
    </ClCompile>
    <ClCompile Include="수학2-3소수-1740.cpp">
      <Filter>소스 파일</Filter>
    </ClCompile>
    <ClCompile Include="수학2-4소수의개수-2813.cpp">
      <Filter>소스 파일</Filter>
    </ClCompile>
    <ClCompile Include="수학2-610진수를2,8,16진수로.cpp">
      <Filter>소스 파일</Filter>
    </ClCompile>
    <ClCompile Include="수학2-5 이진수-2814.cpp">
      <Filter>소스 파일</Filter>
    </ClCompile>
    <ClCompile Include="최소옥배수 구하기-지은.cpp">
      <Filter>소스 파일</Filter>
    </ClCompile>
    <ClCompile Include="소스.cpp">
      <Filter>소스 파일</Filter>
    </ClCompile>
    <ClCompile Include="소스1.cpp">
      <Filter>소스 파일</Filter>
    </ClCompile>
    <ClCompile Include="소스2.cpp">
      <Filter>소스 파일</Filter>
    </ClCompile>
    <ClCompile Include="소스3.cpp">
      <Filter>소스 파일</Filter>
    </ClCompile>
    <ClCompile Include="소스4.cpp">
      <Filter>소스 파일</Filter>
    </ClCompile>
    <ClCompile Include="소스12.cpp">
      <Filter>소스 파일</Filter>
    </ClCompile>
    <ClCompile Include="문자열-1 그릇-2604.cpp">
      <Filter>소스 파일</Filter>
    </ClCompile>
    <ClCompile Include="문자열-2 문자열 찾기-2514.cpp">
      <Filter>소스 파일</Filter>
    </ClCompile>
    <ClCompile Include="문자열-3 세로읽기-2857.cpp">
      <Filter>소스 파일</Filter>
    </ClCompile>
    <ClCompile Include="문자열-4 암호풀기-1880.cpp">
      <Filter>소스 파일</Filter>
    </ClCompile>
    <ClCompile Include="문자열-5단어세기-1516.cpp">
      <Filter>소스 파일</Filter>
    </ClCompile>
    <ClCompile Include="문자열-6 변장-3699.cpp">
      <Filter>소스 파일</Filter>
    </ClCompile>
    <ClCompile Include="여러가지-1 색종이%28초%29-1438.cpp">
      <Filter>소스 파일</Filter>
    </ClCompile>
    <ClCompile Include="여러가지-2 색종이%28중%29-1671.cpp">
      <Filter>소스 파일</Filter>
    </ClCompile>
    <ClCompile Include="여러가지-3 카드게임-1311.cpp">
      <Filter>소스 파일</Filter>
    </ClCompile>
    <ClCompile Include="여러가지-4 떡먹는 호랑이 -1997.cpp">
      <Filter>소스 파일</Filter>
    </ClCompile>
    <ClCompile Include="여러가지-6 오목-1733.cpp">
      <Filter>소스 파일</Filter>
    </ClCompile>
  </ItemGroup>
</Project>